// !$*UTF8*$!
{
	archiveVersion = 1;
	classes = {
	};
	objectVersion = 51;
	objects = {

/* Begin PBXBuildFile section */
		4249516424B7085400962035 /* SocialApp.swift in Sources */ = {isa = PBXBuildFile; fileRef = 4249516324B7085400962035 /* SocialApp.swift */; };
		4249516624B7457800962035 /* HorizontalSnappingController.swift in Sources */ = {isa = PBXBuildFile; fileRef = 4249516524B7457800962035 /* HorizontalSnappingController.swift */; };
		4249516824B7462A00962035 /* BetterSnappingLayout.swift in Sources */ = {isa = PBXBuildFile; fileRef = 4249516724B7462A00962035 /* BetterSnappingLayout.swift */; };
		4272D1FF24B1F2CE00377418 /* AppSearchController.swift in Sources */ = {isa = PBXBuildFile; fileRef = 4272D1FE24B1F2CE00377418 /* AppSearchController.swift */; };
		4272D20124B214C700377418 /* SearchResultCell.swift in Sources */ = {isa = PBXBuildFile; fileRef = 4272D20024B214C700377418 /* SearchResultCell.swift */; };
		4272D20524B2510B00377418 /* UIView+Layout.swift in Sources */ = {isa = PBXBuildFile; fileRef = 4272D20424B2510B00377418 /* UIView+Layout.swift */; };
		4280BF8F249AA19000ED77B3 /* AppDelegate.swift in Sources */ = {isa = PBXBuildFile; fileRef = 4280BF8E249AA19000ED77B3 /* AppDelegate.swift */; };
		4280BF91249AA19000ED77B3 /* ViewController.swift in Sources */ = {isa = PBXBuildFile; fileRef = 4280BF90249AA19000ED77B3 /* ViewController.swift */; };
		4280BF94249AA19000ED77B3 /* Main.storyboard in Resources */ = {isa = PBXBuildFile; fileRef = 4280BF92249AA19000ED77B3 /* Main.storyboard */; };
		4280BF96249AA19100ED77B3 /* Assets.xcassets in Resources */ = {isa = PBXBuildFile; fileRef = 4280BF95249AA19100ED77B3 /* Assets.xcassets */; };
		4280BF99249AA19100ED77B3 /* LaunchScreen.storyboard in Resources */ = {isa = PBXBuildFile; fileRef = 4280BF97249AA19100ED77B3 /* LaunchScreen.storyboard */; };
		4280BFA1249AA2AB00ED77B3 /* BaseTabBarController.swift in Sources */ = {isa = PBXBuildFile; fileRef = 4280BFA0249AA2AB00ED77B3 /* BaseTabBarController.swift */; };
		429D181824B4AE3C00F5374B /* AppsPageController.swift in Sources */ = {isa = PBXBuildFile; fileRef = 429D181724B4AE3C00F5374B /* AppsPageController.swift */; };
		429D181A24B4AFC200F5374B /* BaseListController.swift in Sources */ = {isa = PBXBuildFile; fileRef = 429D181924B4AFC200F5374B /* BaseListController.swift */; };
		429D181E24B4B78200F5374B /* AppsGroupCell.swift in Sources */ = {isa = PBXBuildFile; fileRef = 429D181D24B4B78200F5374B /* AppsGroupCell.swift */; };
		429D182124B4D4B700F5374B /* UILabel+Ext.swift in Sources */ = {isa = PBXBuildFile; fileRef = 429D182024B4D4B700F5374B /* UILabel+Ext.swift */; };
		429D182324B4D7D200F5374B /* AppsHorizontalController.swift in Sources */ = {isa = PBXBuildFile; fileRef = 429D182224B4D7D200F5374B /* AppsHorizontalController.swift */; };
		429D182524B4FA1F00F5374B /* AppRowCell.swift in Sources */ = {isa = PBXBuildFile; fileRef = 429D182424B4FA1F00F5374B /* AppRowCell.swift */; };
		429D182724B5027700F5374B /* UIImageView+Ext.swift in Sources */ = {isa = PBXBuildFile; fileRef = 429D182624B5027700F5374B /* UIImageView+Ext.swift */; };
		429D182924B5029B00F5374B /* UIButton+Ext.swift in Sources */ = {isa = PBXBuildFile; fileRef = 429D182824B5029B00F5374B /* UIButton+Ext.swift */; };
		42D2D81824B2796E0082220B /* VerticalStackView.swift in Sources */ = {isa = PBXBuildFile; fileRef = 42D2D81724B2796E0082220B /* VerticalStackView.swift */; };
		42D3B67324B6127200BDF3D6 /* AppsPageHeader.swift in Sources */ = {isa = PBXBuildFile; fileRef = 42D3B67224B6127200BDF3D6 /* AppsPageHeader.swift */; };
		42D3B67524B614B600BDF3D6 /* AppsHeaderHorizontalController.swift in Sources */ = {isa = PBXBuildFile; fileRef = 42D3B67424B614B600BDF3D6 /* AppsHeaderHorizontalController.swift */; };
		42D3B67724B62B2000BDF3D6 /* AppsHeaderCell.swift in Sources */ = {isa = PBXBuildFile; fileRef = 42D3B67624B62B2000BDF3D6 /* AppsHeaderCell.swift */; };
		42D3B67924B6355700BDF3D6 /* AppGroup.swift in Sources */ = {isa = PBXBuildFile; fileRef = 42D3B67824B6355700BDF3D6 /* AppGroup.swift */; };
		42F14CE924B371C200CC6051 /* SearchResult.swift in Sources */ = {isa = PBXBuildFile; fileRef = 42F14CE824B371C200CC6051 /* SearchResult.swift */; };
		42F14CEC24B3AC8000CC6051 /* Service.swift in Sources */ = {isa = PBXBuildFile; fileRef = 42F14CEB24B3AC8000CC6051 /* Service.swift */; };
		C6FB37AAA31FABF035BF29C5 /* Pods_AppStoreClone.framework in Frameworks */ = {isa = PBXBuildFile; fileRef = 560B26EDDF8E8592823E99B1 /* Pods_AppStoreClone.framework */; };
/* End PBXBuildFile section */

/* Begin PBXFileReference section */
		1A56B63CC501B92CEA9B9C2D /* Pods-AppStoreClone.release.xcconfig */ = {isa = PBXFileReference; includeInIndex = 1; lastKnownFileType = text.xcconfig; name = "Pods-AppStoreClone.release.xcconfig"; path = "Target Support Files/Pods-AppStoreClone/Pods-AppStoreClone.release.xcconfig"; sourceTree = "<group>"; };
		4249516324B7085400962035 /* SocialApp.swift */ = {isa = PBXFileReference; lastKnownFileType = sourcecode.swift; path = SocialApp.swift; sourceTree = "<group>"; };
		4249516524B7457800962035 /* HorizontalSnappingController.swift */ = {isa = PBXFileReference; lastKnownFileType = sourcecode.swift; path = HorizontalSnappingController.swift; sourceTree = "<group>"; };
		4249516724B7462A00962035 /* BetterSnappingLayout.swift */ = {isa = PBXFileReference; lastKnownFileType = sourcecode.swift; path = BetterSnappingLayout.swift; sourceTree = "<group>"; };
		4272D1FE24B1F2CE00377418 /* AppSearchController.swift */ = {isa = PBXFileReference; lastKnownFileType = sourcecode.swift; path = AppSearchController.swift; sourceTree = "<group>"; };
		4272D20024B214C700377418 /* SearchResultCell.swift */ = {isa = PBXFileReference; lastKnownFileType = sourcecode.swift; path = SearchResultCell.swift; sourceTree = "<group>"; };
		4272D20424B2510B00377418 /* UIView+Layout.swift */ = {isa = PBXFileReference; lastKnownFileType = sourcecode.swift; path = "UIView+Layout.swift"; sourceTree = "<group>"; };
		4280BF8B249AA19000ED77B3 /* AppStoreClone.app */ = {isa = PBXFileReference; explicitFileType = wrapper.application; includeInIndex = 0; path = AppStoreClone.app; sourceTree = BUILT_PRODUCTS_DIR; };
		4280BF8E249AA19000ED77B3 /* AppDelegate.swift */ = {isa = PBXFileReference; lastKnownFileType = sourcecode.swift; path = AppDelegate.swift; sourceTree = "<group>"; };
		4280BF90249AA19000ED77B3 /* ViewController.swift */ = {isa = PBXFileReference; lastKnownFileType = sourcecode.swift; path = ViewController.swift; sourceTree = "<group>"; };
		4280BF93249AA19000ED77B3 /* Base */ = {isa = PBXFileReference; lastKnownFileType = file.storyboard; name = Base; path = Base.lproj/Main.storyboard; sourceTree = "<group>"; };
		4280BF95249AA19100ED77B3 /* Assets.xcassets */ = {isa = PBXFileReference; lastKnownFileType = folder.assetcatalog; path = Assets.xcassets; sourceTree = "<group>"; };
		4280BF98249AA19100ED77B3 /* Base */ = {isa = PBXFileReference; lastKnownFileType = file.storyboard; name = Base; path = Base.lproj/LaunchScreen.storyboard; sourceTree = "<group>"; };
		4280BF9A249AA19100ED77B3 /* Info.plist */ = {isa = PBXFileReference; lastKnownFileType = text.plist.xml; path = Info.plist; sourceTree = "<group>"; };
		4280BFA0249AA2AB00ED77B3 /* BaseTabBarController.swift */ = {isa = PBXFileReference; lastKnownFileType = sourcecode.swift; path = BaseTabBarController.swift; sourceTree = "<group>"; };
		429D181724B4AE3C00F5374B /* AppsPageController.swift */ = {isa = PBXFileReference; lastKnownFileType = sourcecode.swift; path = AppsPageController.swift; sourceTree = "<group>"; };
		429D181924B4AFC200F5374B /* BaseListController.swift */ = {isa = PBXFileReference; lastKnownFileType = sourcecode.swift; path = BaseListController.swift; sourceTree = "<group>"; };
		429D181D24B4B78200F5374B /* AppsGroupCell.swift */ = {isa = PBXFileReference; lastKnownFileType = sourcecode.swift; path = AppsGroupCell.swift; sourceTree = "<group>"; };
		429D182024B4D4B700F5374B /* UILabel+Ext.swift */ = {isa = PBXFileReference; lastKnownFileType = sourcecode.swift; path = "UILabel+Ext.swift"; sourceTree = "<group>"; };
		429D182224B4D7D200F5374B /* AppsHorizontalController.swift */ = {isa = PBXFileReference; lastKnownFileType = sourcecode.swift; path = AppsHorizontalController.swift; sourceTree = "<group>"; };
		429D182424B4FA1F00F5374B /* AppRowCell.swift */ = {isa = PBXFileReference; lastKnownFileType = sourcecode.swift; path = AppRowCell.swift; sourceTree = "<group>"; };
		429D182624B5027700F5374B /* UIImageView+Ext.swift */ = {isa = PBXFileReference; lastKnownFileType = sourcecode.swift; path = "UIImageView+Ext.swift"; sourceTree = "<group>"; };
		429D182824B5029B00F5374B /* UIButton+Ext.swift */ = {isa = PBXFileReference; lastKnownFileType = sourcecode.swift; path = "UIButton+Ext.swift"; sourceTree = "<group>"; };
		42D2D81724B2796E0082220B /* VerticalStackView.swift */ = {isa = PBXFileReference; lastKnownFileType = sourcecode.swift; path = VerticalStackView.swift; sourceTree = "<group>"; };
		42D3B67224B6127200BDF3D6 /* AppsPageHeader.swift */ = {isa = PBXFileReference; lastKnownFileType = sourcecode.swift; path = AppsPageHeader.swift; sourceTree = "<group>"; };
		42D3B67424B614B600BDF3D6 /* AppsHeaderHorizontalController.swift */ = {isa = PBXFileReference; lastKnownFileType = sourcecode.swift; path = AppsHeaderHorizontalController.swift; sourceTree = "<group>"; };
		42D3B67624B62B2000BDF3D6 /* AppsHeaderCell.swift */ = {isa = PBXFileReference; lastKnownFileType = sourcecode.swift; path = AppsHeaderCell.swift; sourceTree = "<group>"; };
		42D3B67824B6355700BDF3D6 /* AppGroup.swift */ = {isa = PBXFileReference; lastKnownFileType = sourcecode.swift; path = AppGroup.swift; sourceTree = "<group>"; };
		42F14CE824B371C200CC6051 /* SearchResult.swift */ = {isa = PBXFileReference; lastKnownFileType = sourcecode.swift; path = SearchResult.swift; sourceTree = "<group>"; };
		42F14CEB24B3AC8000CC6051 /* Service.swift */ = {isa = PBXFileReference; lastKnownFileType = sourcecode.swift; path = Service.swift; sourceTree = "<group>"; };
		560B26EDDF8E8592823E99B1 /* Pods_AppStoreClone.framework */ = {isa = PBXFileReference; explicitFileType = wrapper.framework; includeInIndex = 0; path = Pods_AppStoreClone.framework; sourceTree = BUILT_PRODUCTS_DIR; };
		B639E753DEBD3C389DCEE59A /* Pods-AppStoreClone.debug.xcconfig */ = {isa = PBXFileReference; includeInIndex = 1; lastKnownFileType = text.xcconfig; name = "Pods-AppStoreClone.debug.xcconfig"; path = "Target Support Files/Pods-AppStoreClone/Pods-AppStoreClone.debug.xcconfig"; sourceTree = "<group>"; };
/* End PBXFileReference section */

/* Begin PBXFrameworksBuildPhase section */
		4280BF88249AA19000ED77B3 /* Frameworks */ = {
			isa = PBXFrameworksBuildPhase;
			buildActionMask = 2147483647;
			files = (
				C6FB37AAA31FABF035BF29C5 /* Pods_AppStoreClone.framework in Frameworks */,
			);
			runOnlyForDeploymentPostprocessing = 0;
		};
/* End PBXFrameworksBuildPhase section */

/* Begin PBXGroup section */
		4272D1FD24B1F2A100377418 /* Controllers */ = {
			isa = PBXGroup;
			children = (
				429D181B24B4B48F00F5374B /* Search */,
				4280BFA0249AA2AB00ED77B3 /* BaseTabBarController.swift */,
				429D181C24B4B4A800F5374B /* Apps */,
				429D181924B4AFC200F5374B /* BaseListController.swift */,
			);
			path = Controllers;
			sourceTree = "<group>";
		};
		4272D20224B214DB00377418 /* Views */ = {
			isa = PBXGroup;
			children = (
				4272D20024B214C700377418 /* SearchResultCell.swift */,
			);
			path = Views;
			sourceTree = "<group>";
		};
		4272D20324B250E800377418 /* Helpers */ = {
			isa = PBXGroup;
			children = (
				4272D20424B2510B00377418 /* UIView+Layout.swift */,
				42D2D81724B2796E0082220B /* VerticalStackView.swift */,
				4249516724B7462A00962035 /* BetterSnappingLayout.swift */,
			);
			path = Helpers;
			sourceTree = "<group>";
		};
		4280BF82249AA19000ED77B3 = {
			isa = PBXGroup;
			children = (
				4280BF8D249AA19000ED77B3 /* AppStoreClone */,
				42F14CEF24B3AF1400CC6051 /* Support */,
				4280BF8C249AA19000ED77B3 /* Products */,
				4C4F74EF0A1FD83AA43BA2EF /* Pods */,
				834AFFAD1D3EE7BE436A47C4 /* Frameworks */,
			);
			sourceTree = "<group>";
		};
		4280BF8C249AA19000ED77B3 /* Products */ = {
			isa = PBXGroup;
			children = (
				4280BF8B249AA19000ED77B3 /* AppStoreClone.app */,
			);
			name = Products;
			sourceTree = "<group>";
		};
		4280BF8D249AA19000ED77B3 /* AppStoreClone */ = {
			isa = PBXGroup;
			children = (
				4280BF9A249AA19100ED77B3 /* Info.plist */,
				429D181F24B4D47A00F5374B /* Extensions */,
				4272D20324B250E800377418 /* Helpers */,
				4272D1FD24B1F2A100377418 /* Controllers */,
				4272D20224B214DB00377418 /* Views */,
				42F14CEA24B38ABC00CC6051 /* Model */,
				42F14CED24B3AED800CC6051 /* Service */,
			);
			path = AppStoreClone;
			sourceTree = "<group>";
		};
		429D181B24B4B48F00F5374B /* Search */ = {
			isa = PBXGroup;
			children = (
				4272D1FE24B1F2CE00377418 /* AppSearchController.swift */,
			);
			path = Search;
			sourceTree = "<group>";
		};
		429D181C24B4B4A800F5374B /* Apps */ = {
			isa = PBXGroup;
			children = (
				429D181724B4AE3C00F5374B /* AppsPageController.swift */,
				429D181D24B4B78200F5374B /* AppsGroupCell.swift */,
				429D182224B4D7D200F5374B /* AppsHorizontalController.swift */,
				429D182424B4FA1F00F5374B /* AppRowCell.swift */,
				42D3B67224B6127200BDF3D6 /* AppsPageHeader.swift */,
				42D3B67424B614B600BDF3D6 /* AppsHeaderHorizontalController.swift */,
				42D3B67624B62B2000BDF3D6 /* AppsHeaderCell.swift */,
				4249516524B7457800962035 /* HorizontalSnappingController.swift */,
			);
			path = Apps;
			sourceTree = "<group>";
		};
		429D181F24B4D47A00F5374B /* Extensions */ = {
			isa = PBXGroup;
			children = (
				429D182024B4D4B700F5374B /* UILabel+Ext.swift */,
				429D182624B5027700F5374B /* UIImageView+Ext.swift */,
				429D182824B5029B00F5374B /* UIButton+Ext.swift */,
			);
			path = Extensions;
			sourceTree = "<group>";
		};
		42F14CEA24B38ABC00CC6051 /* Model */ = {
			isa = PBXGroup;
			children = (
				42F14CE824B371C200CC6051 /* SearchResult.swift */,
				42D3B67824B6355700BDF3D6 /* AppGroup.swift */,
				4249516324B7085400962035 /* SocialApp.swift */,
			);
			path = Model;
			sourceTree = "<group>";
		};
		42F14CED24B3AED800CC6051 /* Service */ = {
			isa = PBXGroup;
			children = (
				42F14CEB24B3AC8000CC6051 /* Service.swift */,
			);
			path = Service;
			sourceTree = "<group>";
		};
		42F14CEF24B3AF1400CC6051 /* Support */ = {
			isa = PBXGroup;
			children = (
				4280BF8E249AA19000ED77B3 /* AppDelegate.swift */,
				4280BF90249AA19000ED77B3 /* ViewController.swift */,
				4280BF92249AA19000ED77B3 /* Main.storyboard */,
				4280BF95249AA19100ED77B3 /* Assets.xcassets */,
				4280BF97249AA19100ED77B3 /* LaunchScreen.storyboard */,
			);
			path = Support;
			sourceTree = "<group>";
		};
		4C4F74EF0A1FD83AA43BA2EF /* Pods */ = {
			isa = PBXGroup;
			children = (
				B639E753DEBD3C389DCEE59A /* Pods-AppStoreClone.debug.xcconfig */,
				1A56B63CC501B92CEA9B9C2D /* Pods-AppStoreClone.release.xcconfig */,
			);
			path = Pods;
			sourceTree = "<group>";
		};
		834AFFAD1D3EE7BE436A47C4 /* Frameworks */ = {
			isa = PBXGroup;
			children = (
				560B26EDDF8E8592823E99B1 /* Pods_AppStoreClone.framework */,
			);
			name = Frameworks;
			sourceTree = "<group>";
		};
/* End PBXGroup section */

/* Begin PBXNativeTarget section */
		4280BF8A249AA19000ED77B3 /* AppStoreClone */ = {
			isa = PBXNativeTarget;
			buildConfigurationList = 4280BF9D249AA19100ED77B3 /* Build configuration list for PBXNativeTarget "AppStoreClone" */;
			buildPhases = (
				121A91807A74DDDE9061EC7E /* [CP] Check Pods Manifest.lock */,
				4280BF87249AA19000ED77B3 /* Sources */,
				4280BF88249AA19000ED77B3 /* Frameworks */,
				4280BF89249AA19000ED77B3 /* Resources */,
				55BC0FC4FFC9E99ACCA02964 /* [CP] Embed Pods Frameworks */,
			);
			buildRules = (
			);
			dependencies = (
			);
			name = AppStoreClone;
			productName = AppStoreClone;
			productReference = 4280BF8B249AA19000ED77B3 /* AppStoreClone.app */;
			productType = "com.apple.product-type.application";
		};
/* End PBXNativeTarget section */

/* Begin PBXProject section */
		4280BF83249AA19000ED77B3 /* Project object */ = {
			isa = PBXProject;
			attributes = {
				LastSwiftUpdateCheck = 1030;
				LastUpgradeCheck = 1030;
				ORGANIZATIONNAME = nawaf;
				TargetAttributes = {
					4280BF8A249AA19000ED77B3 = {
						CreatedOnToolsVersion = 10.3;
					};
				};
			};
			buildConfigurationList = 4280BF86249AA19000ED77B3 /* Build configuration list for PBXProject "AppStoreClone" */;
			compatibilityVersion = "Xcode 9.3";
			developmentRegion = en;
			hasScannedForEncodings = 0;
			knownRegions = (
				en,
				Base,
			);
			mainGroup = 4280BF82249AA19000ED77B3;
			productRefGroup = 4280BF8C249AA19000ED77B3 /* Products */;
			projectDirPath = "";
			projectRoot = "";
			targets = (
				4280BF8A249AA19000ED77B3 /* AppStoreClone */,
			);
		};
/* End PBXProject section */

/* Begin PBXResourcesBuildPhase section */
		4280BF89249AA19000ED77B3 /* Resources */ = {
			isa = PBXResourcesBuildPhase;
			buildActionMask = 2147483647;
			files = (
				4280BF99249AA19100ED77B3 /* LaunchScreen.storyboard in Resources */,
				4280BF96249AA19100ED77B3 /* Assets.xcassets in Resources */,
				4280BF94249AA19000ED77B3 /* Main.storyboard in Resources */,
			);
			runOnlyForDeploymentPostprocessing = 0;
		};
/* End PBXResourcesBuildPhase section */

/* Begin PBXShellScriptBuildPhase section */
		121A91807A74DDDE9061EC7E /* [CP] Check Pods Manifest.lock */ = {
			isa = PBXShellScriptBuildPhase;
			buildActionMask = 2147483647;
			files = (
			);
			inputFileListPaths = (
			);
			inputPaths = (
				"${PODS_PODFILE_DIR_PATH}/Podfile.lock",
				"${PODS_ROOT}/Manifest.lock",
			);
			name = "[CP] Check Pods Manifest.lock";
			outputFileListPaths = (
			);
			outputPaths = (
				"$(DERIVED_FILE_DIR)/Pods-AppStoreClone-checkManifestLockResult.txt",
			);
			runOnlyForDeploymentPostprocessing = 0;
			shellPath = /bin/sh;
			shellScript = "diff \"${PODS_PODFILE_DIR_PATH}/Podfile.lock\" \"${PODS_ROOT}/Manifest.lock\" > /dev/null\nif [ $? != 0 ] ; then\n    # print error to STDERR\n    echo \"error: The sandbox is not in sync with the Podfile.lock. Run 'pod install' or update your CocoaPods installation.\" >&2\n    exit 1\nfi\n# This output is used by Xcode 'outputs' to avoid re-running this script phase.\necho \"SUCCESS\" > \"${SCRIPT_OUTPUT_FILE_0}\"\n";
			showEnvVarsInLog = 0;
		};
		55BC0FC4FFC9E99ACCA02964 /* [CP] Embed Pods Frameworks */ = {
			isa = PBXShellScriptBuildPhase;
			buildActionMask = 2147483647;
			files = (
			);
			inputFileListPaths = (
				"${PODS_ROOT}/Target Support Files/Pods-AppStoreClone/Pods-AppStoreClone-frameworks-${CONFIGURATION}-input-files.xcfilelist",
			);
			name = "[CP] Embed Pods Frameworks";
			outputFileListPaths = (
				"${PODS_ROOT}/Target Support Files/Pods-AppStoreClone/Pods-AppStoreClone-frameworks-${CONFIGURATION}-output-files.xcfilelist",
			);
			runOnlyForDeploymentPostprocessing = 0;
			shellPath = /bin/sh;
			shellScript = "\"${PODS_ROOT}/Target Support Files/Pods-AppStoreClone/Pods-AppStoreClone-frameworks.sh\"\n";
			showEnvVarsInLog = 0;
		};
/* End PBXShellScriptBuildPhase section */

/* Begin PBXSourcesBuildPhase section */
		4280BF87249AA19000ED77B3 /* Sources */ = {
			isa = PBXSourcesBuildPhase;
			buildActionMask = 2147483647;
			files = (
				4249516424B7085400962035 /* SocialApp.swift in Sources */,
				4280BF91249AA19000ED77B3 /* ViewController.swift in Sources */,
				4280BF8F249AA19000ED77B3 /* AppDelegate.swift in Sources */,
				42F14CE924B371C200CC6051 /* SearchResult.swift in Sources */,
				429D182924B5029B00F5374B /* UIButton+Ext.swift in Sources */,
				429D181824B4AE3C00F5374B /* AppsPageController.swift in Sources */,
				4272D20524B2510B00377418 /* UIView+Layout.swift in Sources */,
				4280BFA1249AA2AB00ED77B3 /* BaseTabBarController.swift in Sources */,
				42F14CEC24B3AC8000CC6051 /* Service.swift in Sources */,
				4249516824B7462A00962035 /* BetterSnappingLayout.swift in Sources */,
				429D181E24B4B78200F5374B /* AppsGroupCell.swift in Sources */,
				429D182724B5027700F5374B /* UIImageView+Ext.swift in Sources */,
				42D3B67924B6355700BDF3D6 /* AppGroup.swift in Sources */,
				429D182124B4D4B700F5374B /* UILabel+Ext.swift in Sources */,
				4272D1FF24B1F2CE00377418 /* AppSearchController.swift in Sources */,
				42D3B67724B62B2000BDF3D6 /* AppsHeaderCell.swift in Sources */,
				4272D20124B214C700377418 /* SearchResultCell.swift in Sources */,
				42D3B67524B614B600BDF3D6 /* AppsHeaderHorizontalController.swift in Sources */,
				429D181A24B4AFC200F5374B /* BaseListController.swift in Sources */,
				42D2D81824B2796E0082220B /* VerticalStackView.swift in Sources */,
				42D3B67324B6127200BDF3D6 /* AppsPageHeader.swift in Sources */,
				4249516624B7457800962035 /* HorizontalSnappingController.swift in Sources */,
				429D182324B4D7D200F5374B /* AppsHorizontalController.swift in Sources */,
				429D182524B4FA1F00F5374B /* AppRowCell.swift in Sources */,
			);
			runOnlyForDeploymentPostprocessing = 0;
		};
/* End PBXSourcesBuildPhase section */

/* Begin PBXVariantGroup section */
		4280BF92249AA19000ED77B3 /* Main.storyboard */ = {
			isa = PBXVariantGroup;
			children = (
				4280BF93249AA19000ED77B3 /* Base */,
			);
			name = Main.storyboard;
			sourceTree = "<group>";
		};
		4280BF97249AA19100ED77B3 /* LaunchScreen.storyboard */ = {
			isa = PBXVariantGroup;
			children = (
				4280BF98249AA19100ED77B3 /* Base */,
			);
			name = LaunchScreen.storyboard;
			sourceTree = "<group>";
		};
/* End PBXVariantGroup section */

/* Begin XCBuildConfiguration section */
		4280BF9B249AA19100ED77B3 /* Debug */ = {
			isa = XCBuildConfiguration;
			buildSettings = {
				ALWAYS_SEARCH_USER_PATHS = NO;
				CLANG_ANALYZER_NONNULL = YES;
				CLANG_ANALYZER_NUMBER_OBJECT_CONVERSION = YES_AGGRESSIVE;
				CLANG_CXX_LANGUAGE_STANDARD = "gnu++14";
				CLANG_CXX_LIBRARY = "libc++";
				CLANG_ENABLE_MODULES = YES;
				CLANG_ENABLE_OBJC_ARC = YES;
				CLANG_ENABLE_OBJC_WEAK = YES;
				CLANG_WARN_BLOCK_CAPTURE_AUTORELEASING = YES;
				CLANG_WARN_BOOL_CONVERSION = YES;
				CLANG_WARN_COMMA = YES;
				CLANG_WARN_CONSTANT_CONVERSION = YES;
				CLANG_WARN_DEPRECATED_OBJC_IMPLEMENTATIONS = YES;
				CLANG_WARN_DIRECT_OBJC_ISA_USAGE = YES_ERROR;
				CLANG_WARN_DOCUMENTATION_COMMENTS = YES;
				CLANG_WARN_EMPTY_BODY = YES;
				CLANG_WARN_ENUM_CONVERSION = YES;
				CLANG_WARN_INFINITE_RECURSION = YES;
				CLANG_WARN_INT_CONVERSION = YES;
				CLANG_WARN_NON_LITERAL_NULL_CONVERSION = YES;
				CLANG_WARN_OBJC_IMPLICIT_RETAIN_SELF = YES;
				CLANG_WARN_OBJC_LITERAL_CONVERSION = YES;
				CLANG_WARN_OBJC_ROOT_CLASS = YES_ERROR;
				CLANG_WARN_RANGE_LOOP_ANALYSIS = YES;
				CLANG_WARN_STRICT_PROTOTYPES = YES;
				CLANG_WARN_SUSPICIOUS_MOVE = YES;
				CLANG_WARN_UNGUARDED_AVAILABILITY = YES_AGGRESSIVE;
				CLANG_WARN_UNREACHABLE_CODE = YES;
				CLANG_WARN__DUPLICATE_METHOD_MATCH = YES;
				CODE_SIGN_IDENTITY = "iPhone Developer";
				COPY_PHASE_STRIP = NO;
				DEBUG_INFORMATION_FORMAT = dwarf;
				ENABLE_STRICT_OBJC_MSGSEND = YES;
				ENABLE_TESTABILITY = YES;
				GCC_C_LANGUAGE_STANDARD = gnu11;
				GCC_DYNAMIC_NO_PIC = NO;
				GCC_NO_COMMON_BLOCKS = YES;
				GCC_OPTIMIZATION_LEVEL = 0;
				GCC_PREPROCESSOR_DEFINITIONS = (
					"DEBUG=1",
					"$(inherited)",
				);
				GCC_WARN_64_TO_32_BIT_CONVERSION = YES;
				GCC_WARN_ABOUT_RETURN_TYPE = YES_ERROR;
				GCC_WARN_UNDECLARED_SELECTOR = YES;
				GCC_WARN_UNINITIALIZED_AUTOS = YES_AGGRESSIVE;
				GCC_WARN_UNUSED_FUNCTION = YES;
				GCC_WARN_UNUSED_VARIABLE = YES;
				IPHONEOS_DEPLOYMENT_TARGET = 12.4;
				MTL_ENABLE_DEBUG_INFO = INCLUDE_SOURCE;
				MTL_FAST_MATH = YES;
				ONLY_ACTIVE_ARCH = YES;
				SDKROOT = iphoneos;
				SWIFT_ACTIVE_COMPILATION_CONDITIONS = DEBUG;
				SWIFT_OPTIMIZATION_LEVEL = "-Onone";
			};
			name = Debug;
		};
		4280BF9C249AA19100ED77B3 /* Release */ = {
			isa = XCBuildConfiguration;
			buildSettings = {
				ALWAYS_SEARCH_USER_PATHS = NO;
				CLANG_ANALYZER_NONNULL = YES;
				CLANG_ANALYZER_NUMBER_OBJECT_CONVERSION = YES_AGGRESSIVE;
				CLANG_CXX_LANGUAGE_STANDARD = "gnu++14";
				CLANG_CXX_LIBRARY = "libc++";
				CLANG_ENABLE_MODULES = YES;
				CLANG_ENABLE_OBJC_ARC = YES;
				CLANG_ENABLE_OBJC_WEAK = YES;
				CLANG_WARN_BLOCK_CAPTURE_AUTORELEASING = YES;
				CLANG_WARN_BOOL_CONVERSION = YES;
				CLANG_WARN_COMMA = YES;
				CLANG_WARN_CONSTANT_CONVERSION = YES;
				CLANG_WARN_DEPRECATED_OBJC_IMPLEMENTATIONS = YES;
				CLANG_WARN_DIRECT_OBJC_ISA_USAGE = YES_ERROR;
				CLANG_WARN_DOCUMENTATION_COMMENTS = YES;
				CLANG_WARN_EMPTY_BODY = YES;
				CLANG_WARN_ENUM_CONVERSION = YES;
				CLANG_WARN_INFINITE_RECURSION = YES;
				CLANG_WARN_INT_CONVERSION = YES;
				CLANG_WARN_NON_LITERAL_NULL_CONVERSION = YES;
				CLANG_WARN_OBJC_IMPLICIT_RETAIN_SELF = YES;
				CLANG_WARN_OBJC_LITERAL_CONVERSION = YES;
				CLANG_WARN_OBJC_ROOT_CLASS = YES_ERROR;
				CLANG_WARN_RANGE_LOOP_ANALYSIS = YES;
				CLANG_WARN_STRICT_PROTOTYPES = YES;
				CLANG_WARN_SUSPICIOUS_MOVE = YES;
				CLANG_WARN_UNGUARDED_AVAILABILITY = YES_AGGRESSIVE;
				CLANG_WARN_UNREACHABLE_CODE = YES;
				CLANG_WARN__DUPLICATE_METHOD_MATCH = YES;
				CODE_SIGN_IDENTITY = "iPhone Developer";
				COPY_PHASE_STRIP = NO;
				DEBUG_INFORMATION_FORMAT = "dwarf-with-dsym";
				ENABLE_NS_ASSERTIONS = NO;
				ENABLE_STRICT_OBJC_MSGSEND = YES;
				GCC_C_LANGUAGE_STANDARD = gnu11;
				GCC_NO_COMMON_BLOCKS = YES;
				GCC_WARN_64_TO_32_BIT_CONVERSION = YES;
				GCC_WARN_ABOUT_RETURN_TYPE = YES_ERROR;
				GCC_WARN_UNDECLARED_SELECTOR = YES;
				GCC_WARN_UNINITIALIZED_AUTOS = YES_AGGRESSIVE;
				GCC_WARN_UNUSED_FUNCTION = YES;
				GCC_WARN_UNUSED_VARIABLE = YES;
				IPHONEOS_DEPLOYMENT_TARGET = 12.4;
				MTL_ENABLE_DEBUG_INFO = NO;
				MTL_FAST_MATH = YES;
				SDKROOT = iphoneos;
				SWIFT_COMPILATION_MODE = wholemodule;
				SWIFT_OPTIMIZATION_LEVEL = "-O";
				VALIDATE_PRODUCT = YES;
			};
			name = Release;
		};
		4280BF9E249AA19100ED77B3 /* Debug */ = {
			isa = XCBuildConfiguration;
			baseConfigurationReference = B639E753DEBD3C389DCEE59A /* Pods-AppStoreClone.debug.xcconfig */;
			buildSettings = {
				ASSETCATALOG_COMPILER_APPICON_NAME = AppIcon;
				CODE_SIGN_STYLE = Automatic;
				DEVELOPMENT_TEAM = 47L6JQ269G;
				INFOPLIST_FILE = AppStoreClone/Info.plist;
				LD_RUNPATH_SEARCH_PATHS = (
					"$(inherited)",
					"@executable_path/Frameworks",
				);
				PRODUCT_BUNDLE_IDENTIFIER = nawaf.AppStoreClone;
				PRODUCT_NAME = "$(TARGET_NAME)";
				SWIFT_VERSION = 4.2;
				TARGETED_DEVICE_FAMILY = "1,2";
			};
			name = Debug;
		};
		4280BF9F249AA19100ED77B3 /* Release */ = {
			isa = XCBuildConfiguration;
			baseConfigurationReference = 1A56B63CC501B92CEA9B9C2D /* Pods-AppStoreClone.release.xcconfig */;
			buildSettings = {
				ASSETCATALOG_COMPILER_APPICON_NAME = AppIcon;
				CODE_SIGN_STYLE = Automatic;
				DEVELOPMENT_TEAM = 47L6JQ269G;
				INFOPLIST_FILE = AppStoreClone/Info.plist;
				LD_RUNPATH_SEARCH_PATHS = (
					"$(inherited)",
					"@executable_path/Frameworks",
				);
				PRODUCT_BUNDLE_IDENTIFIER = nawaf.AppStoreClone;
				PRODUCT_NAME = "$(TARGET_NAME)";
				SWIFT_VERSION = 4.2;
				TARGETED_DEVICE_FAMILY = "1,2";
			};
			name = Release;
		};
/* End XCBuildConfiguration section */

/* Begin XCConfigurationList section */
		4280BF86249AA19000ED77B3 /* Build configuration list for PBXProject "AppStoreClone" */ = {
			isa = XCConfigurationList;
			buildConfigurations = (
				4280BF9B249AA19100ED77B3 /* Debug */,
				4280BF9C249AA19100ED77B3 /* Release */,
			);
			defaultConfigurationIsVisible = 0;
			defaultConfigurationName = Release;
		};
		4280BF9D249AA19100ED77B3 /* Build configuration list for PBXNativeTarget "AppStoreClone" */ = {
			isa = XCConfigurationList;
			buildConfigurations = (
				4280BF9E249AA19100ED77B3 /* Debug */,
				4280BF9F249AA19100ED77B3 /* Release */,
			);
			defaultConfigurationIsVisible = 0;
			defaultConfigurationName = Release;
		};
/* End XCConfigurationList section */
	};
	rootObject = 4280BF83249AA19000ED77B3 /* Project object */;
}
